{
    "requires": true,
    "lockfileVersion": 1,
    "dependencies": {
        "@types/pdfjs-dist": {
            "version": "2.1.4",
            "resolved": "https://registry.npmjs.org/@types/pdfjs-dist/-/pdfjs-dist-2.1.4.tgz",
            "integrity": "sha512-KnEc8W2IcntVL/SKfRWy2lcJax07xEaO7ghcT0/hc2Lp5UOcmaXAi887RKOLhP8BLKsVGJ7uYH0mYo1uSvbu2A=="
        },
        "ng2-pdf-viewer": {
            "version": "6.3.0",
            "resolved": "https://registry.npmjs.org/ng2-pdf-viewer/-/ng2-pdf-viewer-6.3.0.tgz",
            "integrity": "sha512-HSwZe2/W3hxSul4F7bBnz6itgvwmm6YV72VZ4f1PD0uSzjtFcMxts645D++YL7uVlauhikeQjeHCX+CjKvEaFg==",
            "requires": {
                "@types/pdfjs-dist": "^2.1.3",
                "pdfjs-dist": "^2.4.456",
                "tslib": "^1.10.0"
            }
        },
        "pdfjs-dist": {
            "version": "2.4.456",
            "resolved": "https://registry.npmjs.org/pdfjs-dist/-/pdfjs-dist-2.4.456.tgz",
            "integrity": "sha512-yckJEHq3F48hcp6wStEpbN9McOj328Ib09UrBlGAKxvN2k+qYPN5iq6TH6jD1C0pso7zTep+g/CKsYgdrQd5QA=="
        },
        "tslib": {
            "version": "1.13.0",
            "resolved": "https://registry.npmjs.org/tslib/-/tslib-1.13.0.tgz",
            "integrity": "sha512-i/6DQjL8Xf3be4K/E6Wgpekn5Qasl1usyw++dAA35Ue5orEn65VIxOA+YvNNl9HV3qv70T7CNwjODHZrLwvd1Q=="
        }
    }
}
